
Microsoft Visual Studio Solution File, Format Version 12.00
# Visual Studio Version 17
VisualStudioVersion = 17.0.31903.59
MinimumVisualStudioVersion = 10.0.40219.1
Project("{2150E333-8FDC-42A3-9474-1A3956D46DE8}") = "src", "src", "{827E0CD3-B72D-47B6-A68D-7590B98EB39B}"
EndProject
Project("{FAE04EC0-301F-11D3-BF4B-00C04F79EFBC}") = "NekoStreamer.Core", "src\NekoStreamer.Core\NekoStreamer.Core.csproj", "{DBB42C15-A4EC-486E-87F6-9F1D3B09BF57}"
EndProject
Project("{FAE04EC0-301F-11D3-BF4B-00C04F79EFBC}") = "NekoStreamer.App", "src\NekoStreamer.App\NekoStreamer.App.csproj", "{459988C9-8922-4456-8FF0-4A92EA649220}"
EndProject
Project("{2150E333-8FDC-42A3-9474-1A3956D46DE8}") = "tests", "tests", "{0AB3BF05-4346-4AA6-1389-037BE0695223}"
EndProject
Project("{FAE04EC0-301F-11D3-BF4B-00C04F79EFBC}") = "NekoStreamer.Core.Tests", "tests\NekoStreamer.Core.Tests\NekoStreamer.Core.Tests.csproj", "{0AF94A7D-36DF-4C4E-9354-432E5BE63B31}"
EndProject
Project("{FAE04EC0-301F-11D3-BF4B-00C04F79EFBC}") = "NekoStreamer.Remote", "src\NekoStreamer.Remote\NekoStreamer.Remote.csproj", "{AA657085-A30D-44E1-A423-99F0C9F9AFC4}"
EndProject
Global
	GlobalSection(SolutionConfigurationPlatforms) = preSolution
		Debug|Any CPU = Debug|Any CPU
		Debug|x64 = Debug|x64
		Debug|x86 = Debug|x86
		Release|Any CPU = Release|Any CPU
		Release|x64 = Release|x64
		Release|x86 = Release|x86
	EndGlobalSection
	GlobalSection(ProjectConfigurationPlatforms) = postSolution
		{DBB42C15-A4EC-486E-87F6-9F1D3B09BF57}.Debug|Any CPU.ActiveCfg = Debug|Any CPU
		{DBB42C15-A4EC-486E-87F6-9F1D3B09BF57}.Debug|Any CPU.Build.0 = Debug|Any CPU
		{DBB42C15-A4EC-486E-87F6-9F1D3B09BF57}.Debug|x64.ActiveCfg = Debug|Any CPU
		{DBB42C15-A4EC-486E-87F6-9F1D3B09BF57}.Debug|x64.Build.0 = Debug|Any CPU
		{DBB42C15-A4EC-486E-87F6-9F1D3B09BF57}.Debug|x86.ActiveCfg = Debug|Any CPU
		{DBB42C15-A4EC-486E-87F6-9F1D3B09BF57}.Debug|x86.Build.0 = Debug|Any CPU
		{DBB42C15-A4EC-486E-87F6-9F1D3B09BF57}.Release|Any CPU.ActiveCfg = Release|Any CPU
		{DBB42C15-A4EC-486E-87F6-9F1D3B09BF57}.Release|Any CPU.Build.0 = Release|Any CPU
		{DBB42C15-A4EC-486E-87F6-9F1D3B09BF57}.Release|x64.ActiveCfg = Release|Any CPU
		{DBB42C15-A4EC-486E-87F6-9F1D3B09BF57}.Release|x64.Build.0 = Release|Any CPU
		{DBB42C15-A4EC-486E-87F6-9F1D3B09BF57}.Release|x86.ActiveCfg = Release|Any CPU
		{DBB42C15-A4EC-486E-87F6-9F1D3B09BF57}.Release|x86.Build.0 = Release|Any CPU
		{459988C9-8922-4456-8FF0-4A92EA649220}.Debug|Any CPU.ActiveCfg = Debug|Any CPU
		{459988C9-8922-4456-8FF0-4A92EA649220}.Debug|Any CPU.Build.0 = Debug|Any CPU
		{459988C9-8922-4456-8FF0-4A92EA649220}.Debug|x64.ActiveCfg = Debug|Any CPU
		{459988C9-8922-4456-8FF0-4A92EA649220}.Debug|x64.Build.0 = Debug|Any CPU
		{459988C9-8922-4456-8FF0-4A92EA649220}.Debug|x86.ActiveCfg = Debug|Any CPU
		{459988C9-8922-4456-8FF0-4A92EA649220}.Debug|x86.Build.0 = Debug|Any CPU
		{459988C9-8922-4456-8FF0-4A92EA649220}.Release|Any CPU.ActiveCfg = Release|Any CPU
		{459988C9-8922-4456-8FF0-4A92EA649220}.Release|Any CPU.Build.0 = Release|Any CPU
		{459988C9-8922-4456-8FF0-4A92EA649220}.Release|x64.ActiveCfg = Release|Any CPU
		{459988C9-8922-4456-8FF0-4A92EA649220}.Release|x64.Build.0 = Release|Any CPU
		{459988C9-8922-4456-8FF0-4A92EA649220}.Release|x86.ActiveCfg = Release|Any CPU
		{459988C9-8922-4456-8FF0-4A92EA649220}.Release|x86.Build.0 = Release|Any CPU
		{0AF94A7D-36DF-4C4E-9354-432E5BE63B31}.Debug|Any CPU.ActiveCfg = Debug|Any CPU
		{0AF94A7D-36DF-4C4E-9354-432E5BE63B31}.Debug|Any CPU.Build.0 = Debug|Any CPU
		{0AF94A7D-36DF-4C4E-9354-432E5BE63B31}.Debug|x64.ActiveCfg = Debug|Any CPU
		{0AF94A7D-36DF-4C4E-9354-432E5BE63B31}.Debug|x64.Build.0 = Debug|Any CPU
		{0AF94A7D-36DF-4C4E-9354-432E5BE63B31}.Debug|x86.ActiveCfg = Debug|Any CPU
		{0AF94A7D-36DF-4C4E-9354-432E5BE63B31}.Debug|x86.Build.0 = Debug|Any CPU
		{0AF94A7D-36DF-4C4E-9354-432E5BE63B31}.Release|Any CPU.ActiveCfg = Release|Any CPU
		{0AF94A7D-36DF-4C4E-9354-432E5BE63B31}.Release|Any CPU.Build.0 = Release|Any CPU
		{0AF94A7D-36DF-4C4E-9354-432E5BE63B31}.Release|x64.ActiveCfg = Release|Any CPU
		{0AF94A7D-36DF-4C4E-9354-432E5BE63B31}.Release|x64.Build.0 = Release|Any CPU
		{0AF94A7D-36DF-4C4E-9354-432E5BE63B31}.Release|x86.ActiveCfg = Release|Any CPU
		{0AF94A7D-36DF-4C4E-9354-432E5BE63B31}.Release|x86.Build.0 = Release|Any CPU
		{AA657085-A30D-44E1-A423-99F0C9F9AFC4}.Debug|Any CPU.ActiveCfg = Debug|Any CPU
		{AA657085-A30D-44E1-A423-99F0C9F9AFC4}.Debug|Any CPU.Build.0 = Debug|Any CPU
		{AA657085-A30D-44E1-A423-99F0C9F9AFC4}.Debug|x64.ActiveCfg = Debug|Any CPU
		{AA657085-A30D-44E1-A423-99F0C9F9AFC4}.Debug|x64.Build.0 = Debug|Any CPU
		{AA657085-A30D-44E1-A423-99F0C9F9AFC4}.Debug|x86.ActiveCfg = Debug|Any CPU
		{AA657085-A30D-44E1-A423-99F0C9F9AFC4}.Debug|x86.Build.0 = Debug|Any CPU
		{AA657085-A30D-44E1-A423-99F0C9F9AFC4}.Release|Any CPU.ActiveCfg = Release|Any CPU
		{AA657085-A30D-44E1-A423-99F0C9F9AFC4}.Release|Any CPU.Build.0 = Release|Any CPU
		{AA657085-A30D-44E1-A423-99F0C9F9AFC4}.Release|x64.ActiveCfg = Release|Any CPU
		{AA657085-A30D-44E1-A423-99F0C9F9AFC4}.Release|x64.Build.0 = Release|Any CPU
		{AA657085-A30D-44E1-A423-99F0C9F9AFC4}.Release|x86.ActiveCfg = Release|Any CPU
		{AA657085-A30D-44E1-A423-99F0C9F9AFC4}.Release|x86.Build.0 = Release|Any CPU
	EndGlobalSection
	GlobalSection(SolutionProperties) = preSolution
		HideSolutionNode = FALSE
	EndGlobalSection
	GlobalSection(NestedProjects) = preSolution
		{DBB42C15-A4EC-486E-87F6-9F1D3B09BF57} = {827E0CD3-B72D-47B6-A68D-7590B98EB39B}
		{459988C9-8922-4456-8FF0-4A92EA649220} = {827E0CD3-B72D-47B6-A68D-7590B98EB39B}
		{0AF94A7D-36DF-4C4E-9354-432E5BE63B31} = {0AB3BF05-4346-4AA6-1389-037BE0695223}
		{AA657085-A30D-44E1-A423-99F0C9F9AFC4} = {827E0CD3-B72D-47B6-A68D-7590B98EB39B}
	EndGlobalSection
EndGlobal
